
Microsoft Visual Studio Solution File, Format Version 12.00
Project("{FAE04EC0-301F-11D3-BF4B-00C04F79EFBC}") = "Mars", "Mars\Mars.csproj", "{DE09825B-B3B5-42B3-9D13-EEBEB7C83A3E}"
EndProject
Global
	GlobalSection(SolutionConfigurationPlatforms) = preSolution
		Debug|Any CPU = Debug|Any CPU
		Release|Any CPU = Release|Any CPU
	EndGlobalSection
	GlobalSection(ProjectConfigurationPlatforms) = postSolution
		{DE09825B-B3B5-42B3-9D13-EEBEB7C83A3E}.Debug|Any CPU.ActiveCfg = Debug|Any CPU
		{DE09825B-B3B5-42B3-9D13-EEBEB7C83A3E}.Debug|Any CPU.Build.0 = Debug|Any CPU
		{DE09825B-B3B5-42B3-9D13-EEBEB7C83A3E}.Release|Any CPU.ActiveCfg = Release|Any CPU
		{DE09825B-B3B5-42B3-9D13-EEBEB7C83A3E}.Release|Any CPU.Build.0 = Release|Any CPU
	EndGlobalSection
EndGlobal
